
Microsoft Visual Studio Solution File, Format Version 12.00
# Visual Studio Version 17
VisualStudioVersion = 17.1.32210.238
MinimumVisualStudioVersion = 10.0.40219.1
Project("{FAE04EC0-301F-11D3-BF4B-00C04F79EFBC}") = "ConventionBasedRouting_WebApplication", "ConventionBasedRouting_WebApplication\ConventionBasedRouting_WebApplication.csproj", "{650010D3-6333-4184-BB85-1E59343F58FD}"
EndProject
Global
	GlobalSection(SolutionConfigurationPlatforms) = preSolution
		Debug|Any CPU = Debug|Any CPU
		Release|Any CPU = Release|Any CPU
	EndGlobalSection
	GlobalSection(ProjectConfigurationPlatforms) = postSolution
		{650010D3-6333-4184-BB85-1E59343F58FD}.Debug|Any CPU.ActiveCfg = Debug|Any CPU
		{650010D3-6333-4184-BB85-1E59343F58FD}.Debug|Any CPU.Build.0 = Debug|Any CPU
		{650010D3-6333-4184-BB85-1E59343F58FD}.Release|Any CPU.ActiveCfg = Release|Any CPU
		{650010D3-6333-4184-BB85-1E59343F58FD}.Release|Any CPU.Build.0 = Release|Any CPU
	EndGlobalSection
	GlobalSection(SolutionProperties) = preSolution
		HideSolutionNode = FALSE
	EndGlobalSection
	GlobalSection(ExtensibilityGlobals) = postSolution
		SolutionGuid = {0867BE28-117C-4781-87B1-2D444A75C4E7}
	EndGlobalSection
EndGlobal
