
Microsoft Visual Studio Solution File, Format Version 12.00
# Visual Studio Version 17
VisualStudioVersion = 17.1.32210.238
MinimumVisualStudioVersion = 10.0.40219.1
Project("{FAE04EC0-301F-11D3-BF4B-00C04F79EFBC}") = "Controllers_Demo_WebApplication", "Controllers_Demo_WebApplication\Controllers_Demo_WebApplication.csproj", "{DC7F178F-3D33-46F8-803E-AF90E5CB4B89}"
EndProject
Global
	GlobalSection(SolutionConfigurationPlatforms) = preSolution
		Debug|Any CPU = Debug|Any CPU
		Release|Any CPU = Release|Any CPU
	EndGlobalSection
	GlobalSection(ProjectConfigurationPlatforms) = postSolution
		{DC7F178F-3D33-46F8-803E-AF90E5CB4B89}.Debug|Any CPU.ActiveCfg = Debug|Any CPU
		{DC7F178F-3D33-46F8-803E-AF90E5CB4B89}.Debug|Any CPU.Build.0 = Debug|Any CPU
		{DC7F178F-3D33-46F8-803E-AF90E5CB4B89}.Release|Any CPU.ActiveCfg = Release|Any CPU
		{DC7F178F-3D33-46F8-803E-AF90E5CB4B89}.Release|Any CPU.Build.0 = Release|Any CPU
	EndGlobalSection
	GlobalSection(SolutionProperties) = preSolution
		HideSolutionNode = FALSE
	EndGlobalSection
	GlobalSection(ExtensibilityGlobals) = postSolution
		SolutionGuid = {F29B13D5-A658-4C33-9731-86515A3DF237}
	EndGlobalSection
EndGlobal
