
Microsoft Visual Studio Solution File, Format Version 12.00
# Visual Studio Version 17
VisualStudioVersion = 17.1.32210.238
MinimumVisualStudioVersion = 10.0.40219.1
Project("{FAE04EC0-301F-11D3-BF4B-00C04F79EFBC}") = "AttributeBasedRouting_WebApplication", "AttributeBasedRouting_WebApplication\AttributeBasedRouting_WebApplication.csproj", "{00F71B55-DFA6-4C3C-87DC-562876D26509}"
EndProject
Global
	GlobalSection(SolutionConfigurationPlatforms) = preSolution
		Debug|Any CPU = Debug|Any CPU
		Release|Any CPU = Release|Any CPU
	EndGlobalSection
	GlobalSection(ProjectConfigurationPlatforms) = postSolution
		{00F71B55-DFA6-4C3C-87DC-562876D26509}.Debug|Any CPU.ActiveCfg = Debug|Any CPU
		{00F71B55-DFA6-4C3C-87DC-562876D26509}.Debug|Any CPU.Build.0 = Debug|Any CPU
		{00F71B55-DFA6-4C3C-87DC-562876D26509}.Release|Any CPU.ActiveCfg = Release|Any CPU
		{00F71B55-DFA6-4C3C-87DC-562876D26509}.Release|Any CPU.Build.0 = Release|Any CPU
	EndGlobalSection
	GlobalSection(SolutionProperties) = preSolution
		HideSolutionNode = FALSE
	EndGlobalSection
	GlobalSection(ExtensibilityGlobals) = postSolution
		SolutionGuid = {D0F2BEF0-F791-4ED3-9D5C-32627CAAA966}
	EndGlobalSection
EndGlobal
