
Microsoft Visual Studio Solution File, Format Version 12.00
# Visual Studio Version 17
VisualStudioVersion = 17.1.32210.238
MinimumVisualStudioVersion = 10.0.40219.1
Project("{FAE04EC0-301F-11D3-BF4B-00C04F79EFBC}") = "ActionMethods_Demo_WebApplication", "ActionMethods_Demo_WebApplication\ActionMethods_Demo_WebApplication.csproj", "{F8F3909E-E626-4267-B104-CE62822A550F}"
EndProject
Global
	GlobalSection(SolutionConfigurationPlatforms) = preSolution
		Debug|Any CPU = Debug|Any CPU
		Release|Any CPU = Release|Any CPU
	EndGlobalSection
	GlobalSection(ProjectConfigurationPlatforms) = postSolution
		{F8F3909E-E626-4267-B104-CE62822A550F}.Debug|Any CPU.ActiveCfg = Debug|Any CPU
		{F8F3909E-E626-4267-B104-CE62822A550F}.Debug|Any CPU.Build.0 = Debug|Any CPU
		{F8F3909E-E626-4267-B104-CE62822A550F}.Release|Any CPU.ActiveCfg = Release|Any CPU
		{F8F3909E-E626-4267-B104-CE62822A550F}.Release|Any CPU.Build.0 = Release|Any CPU
	EndGlobalSection
	GlobalSection(SolutionProperties) = preSolution
		HideSolutionNode = FALSE
	EndGlobalSection
	GlobalSection(ExtensibilityGlobals) = postSolution
		SolutionGuid = {2EA743AE-5B9A-4416-BE76-3676EA6298BD}
	EndGlobalSection
EndGlobal
