
Microsoft Visual Studio Solution File, Format Version 12.00
# Visual Studio Version 17
VisualStudioVersion = 17.1.32210.238
MinimumVisualStudioVersion = 10.0.40219.1
Project("{FAE04EC0-301F-11D3-BF4B-00C04F79EFBC}") = "PassingData(ControllerToView)_ViewData", "PassingData(ControllerToView)_ViewData\PassingData(ControllerToView)_ViewData.csproj", "{D9FC5321-5144-4E3C-B95C-05DDFDE2FB1A}"
EndProject
Global
	GlobalSection(SolutionConfigurationPlatforms) = preSolution
		Debug|Any CPU = Debug|Any CPU
		Release|Any CPU = Release|Any CPU
	EndGlobalSection
	GlobalSection(ProjectConfigurationPlatforms) = postSolution
		{D9FC5321-5144-4E3C-B95C-05DDFDE2FB1A}.Debug|Any CPU.ActiveCfg = Debug|Any CPU
		{D9FC5321-5144-4E3C-B95C-05DDFDE2FB1A}.Debug|Any CPU.Build.0 = Debug|Any CPU
		{D9FC5321-5144-4E3C-B95C-05DDFDE2FB1A}.Release|Any CPU.ActiveCfg = Release|Any CPU
		{D9FC5321-5144-4E3C-B95C-05DDFDE2FB1A}.Release|Any CPU.Build.0 = Release|Any CPU
	EndGlobalSection
	GlobalSection(SolutionProperties) = preSolution
		HideSolutionNode = FALSE
	EndGlobalSection
	GlobalSection(ExtensibilityGlobals) = postSolution
		SolutionGuid = {384BD732-6E95-46E4-9FAA-8C73D717441D}
	EndGlobalSection
EndGlobal
